
Microsoft Visual Studio Solution File, Format Version 12.00
# Visual Studio Version 16
VisualStudioVersion = 16.0.31321.278
MinimumVisualStudioVersion = 10.0.40219.1
Project("{FAE04EC0-301F-11D3-BF4B-00C04F79EFBC}") = "Web Mobile", "Web Mobile\Web Mobile.csproj", "{D526D925-F674-4EC8-BF77-A230934EDBFE}"
EndProject
Global
	GlobalSection(SolutionConfigurationPlatforms) = preSolution
		Debug|Any CPU = Debug|Any CPU
		Release|Any CPU = Release|Any CPU
	EndGlobalSection
	GlobalSection(ProjectConfigurationPlatforms) = postSolution
		{D526D925-F674-4EC8-BF77-A230934EDBFE}.Debug|Any CPU.ActiveCfg = Debug|Any CPU
		{D526D925-F674-4EC8-BF77-A230934EDBFE}.Debug|Any CPU.Build.0 = Debug|Any CPU
		{D526D925-F674-4EC8-BF77-A230934EDBFE}.Release|Any CPU.ActiveCfg = Release|Any CPU
		{D526D925-F674-4EC8-BF77-A230934EDBFE}.Release|Any CPU.Build.0 = Release|Any CPU
	EndGlobalSection
	GlobalSection(SolutionProperties) = preSolution
		HideSolutionNode = FALSE
	EndGlobalSection
	GlobalSection(ExtensibilityGlobals) = postSolution
		SolutionGuid = {AF0117C3-AE20-41A2-8235-4649F0C6E055}
	EndGlobalSection
EndGlobal
